PODS:
  - PMUtils (0.0.48):
    - PMUtils/Foundation+PMUtils
    - PMUtils/PMAnimationQueue
    - PMUtils/PMImageFilmstrip
    - PMUtils/PMOrderedDictionary
    - PMUtils/PMPair
    - PMUtils/PMProtocolInterceptor
    - PMUtils/UIKit+PMUtils
  - PMUtils/Foundation+PMUtils (0.0.48)
  - PMUtils/PMAnimationQueue (0.0.48)
  - PMUtils/PMImageFilmstrip (0.0.48)
  - PMUtils/PMOrderedDictionary (0.0.48)
  - PMUtils/PMPair (0.0.48)
  - PMUtils/PMProtocolInterceptor (0.0.48)
  - PMUtils/UIKit+PMUtils (0.0.48)

DEPENDENCIES:
  - PMUtils (from `../PMUtils.podspec`)

EXTERNAL SOURCES:
  PMUtils:
    :path: ../PMUtils.podspec

SPEC CHECKSUMS:
  PMUtils: b4c3265625d89cd9960ea5593fe1feb0d3b34a37

COCOAPODS: 0.33.1
