PODS:
  - PMUtils (0.0.47):
    - PMUtils/PMAnimationQueue
    - PMUtils/PMImageFilmstrip
    - PMUtils/PMOrderedDictionary
    - PMUtils/PMPair
    - PMUtils/PMProtocolInterceptor
  - PMUtils/PMAnimationQueue (0.0.47)
  - PMUtils/PMImageFilmstrip (0.0.47)
  - PMUtils/PMOrderedDictionary (0.0.47)
  - PMUtils/PMPair (0.0.47)
  - PMUtils/PMProtocolInterceptor (0.0.47)

DEPENDENCIES:
  - PMUtils (from `../PMUtils.podspec`)

EXTERNAL SOURCES:
  PMUtils:
    :path: ../PMUtils.podspec

SPEC CHECKSUMS:
  PMUtils: 2a8b1172823ba8c7d4ff522204677f7bfe514f3e

COCOAPODS: 0.33.1
