<?xml version="1.0" encoding="UTF-8"?>
<!DOCTYPE plist PUBLIC "-//Apple//DTD PLIST 1.0//EN" "http://www.apple.com/DTDs/PropertyList-1.0.dtd">
<plist version="1.0">
<dict>
	<key>archiveVersion</key>
	<string>1</string>
	<key>classes</key>
	<dict/>
	<key>objectVersion</key>
	<string>46</string>
	<key>objects</key>
	<dict>
		<key>247A155959E54ED4A989335E</key>
		<dict>
			<key>includeInIndex</key>
			<string>1</string>
			<key>isa</key>
			<string>PBXFileReference</string>
			<key>lastKnownFileType</key>
			<string>text.xcconfig</string>
			<key>name</key>
			<string>Pods.xcconfig</string>
			<key>path</key>
			<string>../Pods/Pods.xcconfig</string>
			<key>sourceTree</key>
			<string>&lt;group&gt;</string>
		</dict>
		<key>26816600D8A7458290C8E142</key>
		<dict>
			<key>buildActionMask</key>
			<string>2147483647</string>
			<key>files</key>
			<array/>
			<key>inputPaths</key>
			<array/>
			<key>isa</key>
			<string>PBXShellScriptBuildPhase</string>
			<key>name</key>
			<string>Check Pods Manifest.lock</string>
			<key>outputPaths</key>
			<array/>
			<key>runOnlyForDeploymentPostprocessing</key>
			<string>0</string>
			<key>shellPath</key>
			<string>/bin/sh</string>
			<key>shellScript</key>
			<string>diff "${PODS_ROOT}/../Podfile.lock" "${PODS_ROOT}/Manifest.lock" &gt; /dev/null
if [[ $? != 0 ]] ; then
    cat &lt;&lt; EOM
error: The sandbox is not in sync with the Podfile.lock. Run 'pod install' or update your CocoaPods installation.
EOM
    exit 1
fi
</string>
			<key>showEnvVarsInLog</key>
			<string>0</string>
		</dict>
		<key>4F875FA949C2459092E02117</key>
		<dict>
			<key>explicitFileType</key>
			<string>archive.ar</string>
			<key>includeInIndex</key>
			<string>0</string>
			<key>isa</key>
			<string>PBXFileReference</string>
			<key>path</key>
			<string>libPods.a</string>
			<key>sourceTree</key>
			<string>BUILT_PRODUCTS_DIR</string>
		</dict>
		<key>6784D38818CE23DD003F980D</key>
		<dict>
			<key>children</key>
			<array>
				<string>6784D39A18CE23DD003F980D</string>
				<string>6784D3BC18CE23DD003F980D</string>
				<string>6784D39318CE23DD003F980D</string>
				<string>6784D39218CE23DD003F980D</string>
				<string>247A155959E54ED4A989335E</string>
			</array>
			<key>isa</key>
			<string>PBXGroup</string>
			<key>sourceTree</key>
			<string>&lt;group&gt;</string>
		</dict>
		<key>6784D38918CE23DD003F980D</key>
		<dict>
			<key>attributes</key>
			<dict>
				<key>CLASSPREFIX</key>
				<string>PM</string>
				<key>LastUpgradeCheck</key>
				<string>0500</string>
				<key>ORGANIZATIONNAME</key>
				<string>Peter Meyers</string>
				<key>TargetAttributes</key>
				<dict>
					<key>6784D3B418CE23DD003F980D</key>
					<dict>
						<key>TestTargetID</key>
						<string>6784D39018CE23DD003F980D</string>
					</dict>
				</dict>
			</dict>
			<key>buildConfigurationList</key>
			<string>6784D38C18CE23DD003F980D</string>
			<key>compatibilityVersion</key>
			<string>Xcode 3.2</string>
			<key>developmentRegion</key>
			<string>English</string>
			<key>hasScannedForEncodings</key>
			<string>0</string>
			<key>isa</key>
			<string>PBXProject</string>
			<key>knownRegions</key>
			<array>
				<string>en</string>
				<string>Base</string>
			</array>
			<key>mainGroup</key>
			<string>6784D38818CE23DD003F980D</string>
			<key>productRefGroup</key>
			<string>6784D39218CE23DD003F980D</string>
			<key>projectDirPath</key>
			<string></string>
			<key>projectReferences</key>
			<array/>
			<key>projectRoot</key>
			<string></string>
			<key>targets</key>
			<array>
				<string>6784D39018CE23DD003F980D</string>
				<string>6784D3B418CE23DD003F980D</string>
			</array>
		</dict>
		<key>6784D38C18CE23DD003F980D</key>
		<dict>
			<key>buildConfigurations</key>
			<array>
				<string>6784D3C418CE23DD003F980D</string>
				<string>6784D3C518CE23DD003F980D</string>
			</array>
			<key>defaultConfigurationIsVisible</key>
			<string>0</string>
			<key>defaultConfigurationName</key>
			<string>Release</string>
			<key>isa</key>
			<string>XCConfigurationList</string>
		</dict>
		<key>6784D38D18CE23DD003F980D</key>
		<dict>
			<key>buildActionMask</key>
			<string>2147483647</string>
			<key>files</key>
			<array>
				<string>67F82D8E18CE27C2003834EC</string>
				<string>67F82D8F18CE27C2003834EC</string>
				<string>67F82D9018CE27C2003834EC</string>
				<string>67F82D9118CE27C2003834EC</string>
				<string>67F82D9218CE27C2003834EC</string>
				<string>67F82D9318CE27C2003834EC</string>
				<string>67F82D9418CE27C2003834EC</string>
				<string>67F82D9518CE27C2003834EC</string>
				<string>67F82D9618CE27C2003834EC</string>
				<string>67F82D9718CE27C2003834EC</string>
				<string>67F82D9818CE27C2003834EC</string>
				<string>6784D3A118CE23DD003F980D</string>
				<string>6784D3AE18CE23DD003F980D</string>
				<string>6784D3A518CE23DD003F980D</string>
			</array>
			<key>isa</key>
			<string>PBXSourcesBuildPhase</string>
			<key>runOnlyForDeploymentPostprocessing</key>
			<string>0</string>
		</dict>
		<key>6784D38E18CE23DD003F980D</key>
		<dict>
			<key>buildActionMask</key>
			<string>2147483647</string>
			<key>files</key>
			<array>
				<string>6784D39718CE23DD003F980D</string>
				<string>6784D39918CE23DD003F980D</string>
				<string>6784D39518CE23DD003F980D</string>
				<string>DB46A33985C1411AB049EDF2</string>
			</array>
			<key>isa</key>
			<string>PBXFrameworksBuildPhase</string>
			<key>runOnlyForDeploymentPostprocessing</key>
			<string>0</string>
		</dict>
		<key>6784D38F18CE23DD003F980D</key>
		<dict>
			<key>buildActionMask</key>
			<string>2147483647</string>
			<key>files</key>
			<array>
				<string>6784D3FF18CE24A9003F980D</string>
				<string>6784D3A818CE23DD003F980D</string>
				<string>6784D3B018CE23DD003F980D</string>
				<string>6784D39F18CE23DD003F980D</string>
			</array>
			<key>isa</key>
			<string>PBXResourcesBuildPhase</string>
			<key>runOnlyForDeploymentPostprocessing</key>
			<string>0</string>
		</dict>
		<key>6784D39018CE23DD003F980D</key>
		<dict>
			<key>buildConfigurationList</key>
			<string>6784D3C618CE23DD003F980D</string>
			<key>buildPhases</key>
			<array>
				<string>26816600D8A7458290C8E142</string>
				<string>6784D38D18CE23DD003F980D</string>
				<string>6784D38E18CE23DD003F980D</string>
				<string>6784D38F18CE23DD003F980D</string>
				<string>932E643F6BD346FEA3E18F86</string>
			</array>
			<key>buildRules</key>
			<array/>
			<key>dependencies</key>
			<array/>
			<key>isa</key>
			<string>PBXNativeTarget</string>
			<key>name</key>
			<string>PMUtils-iOSExample</string>
			<key>productName</key>
			<string>PMUtils-iOSExample</string>
			<key>productReference</key>
			<string>6784D39118CE23DD003F980D</string>
			<key>productType</key>
			<string>com.apple.product-type.application</string>
		</dict>
		<key>6784D39118CE23DD003F980D</key>
		<dict>
			<key>explicitFileType</key>
			<string>wrapper.application</string>
			<key>includeInIndex</key>
			<string>0</string>
			<key>isa</key>
			<string>PBXFileReference</string>
			<key>path</key>
			<string>PMUtils-iOSExample.app</string>
			<key>sourceTree</key>
			<string>BUILT_PRODUCTS_DIR</string>
		</dict>
		<key>6784D39218CE23DD003F980D</key>
		<dict>
			<key>children</key>
			<array>
				<string>6784D39118CE23DD003F980D</string>
				<string>6784D3B518CE23DD003F980D</string>
			</array>
			<key>isa</key>
			<string>PBXGroup</string>
			<key>name</key>
			<string>Products</string>
			<key>sourceTree</key>
			<string>&lt;group&gt;</string>
		</dict>
		<key>6784D39318CE23DD003F980D</key>
		<dict>
			<key>children</key>
			<array>
				<string>6784D39418CE23DD003F980D</string>
				<string>6784D39618CE23DD003F980D</string>
				<string>6784D39818CE23DD003F980D</string>
				<string>6784D3B618CE23DD003F980D</string>
				<string>4F875FA949C2459092E02117</string>
			</array>
			<key>isa</key>
			<string>PBXGroup</string>
			<key>name</key>
			<string>Frameworks</string>
			<key>sourceTree</key>
			<string>&lt;group&gt;</string>
		</dict>
		<key>6784D39418CE23DD003F980D</key>
		<dict>
			<key>isa</key>
			<string>PBXFileReference</string>
			<key>lastKnownFileType</key>
			<string>wrapper.framework</string>
			<key>name</key>
			<string>Foundation.framework</string>
			<key>path</key>
			<string>System/Library/Frameworks/Foundation.framework</string>
			<key>sourceTree</key>
			<string>SDKROOT</string>
		</dict>
		<key>6784D39518CE23DD003F980D</key>
		<dict>
			<key>fileRef</key>
			<string>6784D39418CE23DD003F980D</string>
			<key>isa</key>
			<string>PBXBuildFile</string>
		</dict>
		<key>6784D39618CE23DD003F980D</key>
		<dict>
			<key>isa</key>
			<string>PBXFileReference</string>
			<key>lastKnownFileType</key>
			<string>wrapper.framework</string>
			<key>name</key>
			<string>CoreGraphics.framework</string>
			<key>path</key>
			<string>System/Library/Frameworks/CoreGraphics.framework</string>
			<key>sourceTree</key>
			<string>SDKROOT</string>
		</dict>
		<key>6784D39718CE23DD003F980D</key>
		<dict>
			<key>fileRef</key>
			<string>6784D39618CE23DD003F980D</string>
			<key>isa</key>
			<string>PBXBuildFile</string>
		</dict>
		<key>6784D39818CE23DD003F980D</key>
		<dict>
			<key>isa</key>
			<string>PBXFileReference</string>
			<key>lastKnownFileType</key>
			<string>wrapper.framework</string>
			<key>name</key>
			<string>UIKit.framework</string>
			<key>path</key>
			<string>System/Library/Frameworks/UIKit.framework</string>
			<key>sourceTree</key>
			<string>SDKROOT</string>
		</dict>
		<key>6784D39918CE23DD003F980D</key>
		<dict>
			<key>fileRef</key>
			<string>6784D39818CE23DD003F980D</string>
			<key>isa</key>
			<string>PBXBuildFile</string>
		</dict>
		<key>6784D39A18CE23DD003F980D</key>
		<dict>
			<key>children</key>
			<array>
				<string>6784D3A318CE23DD003F980D</string>
				<string>6784D3A418CE23DD003F980D</string>
				<string>6784D3A618CE23DD003F980D</string>
				<string>6784D3A918CE23DD003F980D</string>
				<string>6784D3AC18CE23DD003F980D</string>
				<string>6784D3AD18CE23DD003F980D</string>
				<string>6784D41918CE24C1003F980D</string>
				<string>6784D3AF18CE23DD003F980D</string>
				<string>6784D39B18CE23DD003F980D</string>
			</array>
			<key>isa</key>
			<string>PBXGroup</string>
			<key>path</key>
			<string>PMUtils-iOSExample</string>
			<key>sourceTree</key>
			<string>&lt;group&gt;</string>
		</dict>
		<key>6784D39B18CE23DD003F980D</key>
		<dict>
			<key>children</key>
			<array>
				<string>6784D39C18CE23DD003F980D</string>
				<string>6784D39D18CE23DD003F980D</string>
				<string>6784D3A018CE23DD003F980D</string>
				<string>6784D3A218CE23DD003F980D</string>
			</array>
			<key>isa</key>
			<string>PBXGroup</string>
			<key>name</key>
			<string>Supporting Files</string>
			<key>sourceTree</key>
			<string>&lt;group&gt;</string>
		</dict>
		<key>6784D39C18CE23DD003F980D</key>
		<dict>
			<key>isa</key>
			<string>PBXFileReference</string>
			<key>lastKnownFileType</key>
			<string>text.plist.xml</string>
			<key>path</key>
			<string>PMUtils-iOSExample-Info.plist</string>
			<key>sourceTree</key>
			<string>&lt;group&gt;</string>
		</dict>
		<key>6784D39D18CE23DD003F980D</key>
		<dict>
			<key>children</key>
			<array>
				<string>6784D39E18CE23DD003F980D</string>
			</array>
			<key>isa</key>
			<string>PBXVariantGroup</string>
			<key>name</key>
			<string>InfoPlist.strings</string>
			<key>sourceTree</key>
			<string>&lt;group&gt;</string>
		</dict>
		<key>6784D39E18CE23DD003F980D</key>
		<dict>
			<key>isa</key>
			<string>PBXFileReference</string>
			<key>lastKnownFileType</key>
			<string>text.plist.strings</string>
			<key>name</key>
			<string>en</string>
			<key>path</key>
			<string>en.lproj/InfoPlist.strings</string>
			<key>sourceTree</key>
			<string>&lt;group&gt;</string>
		</dict>
		<key>6784D39F18CE23DD003F980D</key>
		<dict>
			<key>fileRef</key>
			<string>6784D39D18CE23DD003F980D</string>
			<key>isa</key>
			<string>PBXBuildFile</string>
		</dict>
		<key>6784D3A018CE23DD003F980D</key>
		<dict>
			<key>isa</key>
			<string>PBXFileReference</string>
			<key>lastKnownFileType</key>
			<string>sourcecode.c.objc</string>
			<key>path</key>
			<string>main.m</string>
			<key>sourceTree</key>
			<string>&lt;group&gt;</string>
		</dict>
		<key>6784D3A118CE23DD003F980D</key>
		<dict>
			<key>fileRef</key>
			<string>6784D3A018CE23DD003F980D</string>
			<key>isa</key>
			<string>PBXBuildFile</string>
		</dict>
		<key>6784D3A218CE23DD003F980D</key>
		<dict>
			<key>isa</key>
			<string>PBXFileReference</string>
			<key>lastKnownFileType</key>
			<string>sourcecode.c.h</string>
			<key>path</key>
			<string>PMUtils-iOSExample-Prefix.pch</string>
			<key>sourceTree</key>
			<string>&lt;group&gt;</string>
		</dict>
		<key>6784D3A318CE23DD003F980D</key>
		<dict>
			<key>isa</key>
			<string>PBXFileReference</string>
			<key>lastKnownFileType</key>
			<string>sourcecode.c.h</string>
			<key>path</key>
			<string>PMAppDelegate.h</string>
			<key>sourceTree</key>
			<string>&lt;group&gt;</string>
		</dict>
		<key>6784D3A418CE23DD003F980D</key>
		<dict>
			<key>isa</key>
			<string>PBXFileReference</string>
			<key>lastKnownFileType</key>
			<string>sourcecode.c.objc</string>
			<key>path</key>
			<string>PMAppDelegate.m</string>
			<key>sourceTree</key>
			<string>&lt;group&gt;</string>
		</dict>
		<key>6784D3A518CE23DD003F980D</key>
		<dict>
			<key>fileRef</key>
			<string>6784D3A418CE23DD003F980D</string>
			<key>isa</key>
			<string>PBXBuildFile</string>
		</dict>
		<key>6784D3A618CE23DD003F980D</key>
		<dict>
			<key>children</key>
			<array>
				<string>6784D3A718CE23DD003F980D</string>
			</array>
			<key>isa</key>
			<string>PBXVariantGroup</string>
			<key>name</key>
			<string>Main_iPhone.storyboard</string>
			<key>sourceTree</key>
			<string>&lt;group&gt;</string>
		</dict>
		<key>6784D3A718CE23DD003F980D</key>
		<dict>
			<key>isa</key>
			<string>PBXFileReference</string>
			<key>lastKnownFileType</key>
			<string>file.storyboard</string>
			<key>name</key>
			<string>Base</string>
			<key>path</key>
			<string>Base.lproj/Main_iPhone.storyboard</string>
			<key>sourceTree</key>
			<string>&lt;group&gt;</string>
		</dict>
		<key>6784D3A818CE23DD003F980D</key>
		<dict>
			<key>fileRef</key>
			<string>6784D3A618CE23DD003F980D</string>
			<key>isa</key>
			<string>PBXBuildFile</string>
		</dict>
		<key>6784D3A918CE23DD003F980D</key>
		<dict>
			<key>children</key>
			<array>
				<string>6784D3AA18CE23DD003F980D</string>
			</array>
			<key>isa</key>
			<string>PBXVariantGroup</string>
			<key>name</key>
			<string>Main_iPad.storyboard</string>
			<key>sourceTree</key>
			<string>&lt;group&gt;</string>
		</dict>
		<key>6784D3AA18CE23DD003F980D</key>
		<dict>
			<key>isa</key>
			<string>PBXFileReference</string>
			<key>lastKnownFileType</key>
			<string>file.storyboard</string>
			<key>name</key>
			<string>Base</string>
			<key>path</key>
			<string>Base.lproj/Main_iPad.storyboard</string>
			<key>sourceTree</key>
			<string>&lt;group&gt;</string>
		</dict>
		<key>6784D3AC18CE23DD003F980D</key>
		<dict>
			<key>isa</key>
			<string>PBXFileReference</string>
			<key>lastKnownFileType</key>
			<string>sourcecode.c.h</string>
			<key>path</key>
			<string>PMViewController.h</string>
			<key>sourceTree</key>
			<string>&lt;group&gt;</string>
		</dict>
		<key>6784D3AD18CE23DD003F980D</key>
		<dict>
			<key>isa</key>
			<string>PBXFileReference</string>
			<key>lastKnownFileType</key>
			<string>sourcecode.c.objc</string>
			<key>path</key>
			<string>PMViewController.m</string>
			<key>sourceTree</key>
			<string>&lt;group&gt;</string>
		</dict>
		<key>6784D3AE18CE23DD003F980D</key>
		<dict>
			<key>fileRef</key>
			<string>6784D3AD18CE23DD003F980D</string>
			<key>isa</key>
			<string>PBXBuildFile</string>
		</dict>
		<key>6784D3AF18CE23DD003F980D</key>
		<dict>
			<key>isa</key>
			<string>PBXFileReference</string>
			<key>lastKnownFileType</key>
			<string>folder.assetcatalog</string>
			<key>path</key>
			<string>Images.xcassets</string>
			<key>sourceTree</key>
			<string>&lt;group&gt;</string>
		</dict>
		<key>6784D3B018CE23DD003F980D</key>
		<dict>
			<key>fileRef</key>
			<string>6784D3AF18CE23DD003F980D</string>
			<key>isa</key>
			<string>PBXBuildFile</string>
		</dict>
		<key>6784D3B118CE23DD003F980D</key>
		<dict>
			<key>buildActionMask</key>
			<string>2147483647</string>
			<key>files</key>
			<array>
				<string>6784D3C318CE23DD003F980D</string>
			</array>
			<key>isa</key>
			<string>PBXSourcesBuildPhase</string>
			<key>runOnlyForDeploymentPostprocessing</key>
			<string>0</string>
		</dict>
		<key>6784D3B218CE23DD003F980D</key>
		<dict>
			<key>buildActionMask</key>
			<string>2147483647</string>
			<key>files</key>
			<array>
				<string>6784D3B718CE23DD003F980D</string>
				<string>6784D3B918CE23DD003F980D</string>
				<string>6784D3B818CE23DD003F980D</string>
			</array>
			<key>isa</key>
			<string>PBXFrameworksBuildPhase</string>
			<key>runOnlyForDeploymentPostprocessing</key>
			<string>0</string>
		</dict>
		<key>6784D3B318CE23DD003F980D</key>
		<dict>
			<key>buildActionMask</key>
			<string>2147483647</string>
			<key>files</key>
			<array>
				<string>6784D3C118CE23DD003F980D</string>
			</array>
			<key>isa</key>
			<string>PBXResourcesBuildPhase</string>
			<key>runOnlyForDeploymentPostprocessing</key>
			<string>0</string>
		</dict>
		<key>6784D3B418CE23DD003F980D</key>
		<dict>
			<key>buildConfigurationList</key>
			<string>6784D3C918CE23DD003F980D</string>
			<key>buildPhases</key>
			<array>
				<string>6784D3B118CE23DD003F980D</string>
				<string>6784D3B218CE23DD003F980D</string>
				<string>6784D3B318CE23DD003F980D</string>
			</array>
			<key>buildRules</key>
			<array/>
			<key>dependencies</key>
			<array>
				<string>6784D3BB18CE23DD003F980D</string>
			</array>
			<key>isa</key>
			<string>PBXNativeTarget</string>
			<key>name</key>
			<string>PMUtils-iOSExampleTests</string>
			<key>productName</key>
			<string>PMUtils-iOSExampleTests</string>
			<key>productReference</key>
			<string>6784D3B518CE23DD003F980D</string>
			<key>productType</key>
			<string>com.apple.product-type.bundle.unit-test</string>
		</dict>
		<key>6784D3B518CE23DD003F980D</key>
		<dict>
			<key>explicitFileType</key>
			<string>wrapper.cfbundle</string>
			<key>includeInIndex</key>
			<string>0</string>
			<key>isa</key>
			<string>PBXFileReference</string>
			<key>path</key>
			<string>PMUtils-iOSExampleTests.xctest</string>
			<key>sourceTree</key>
			<string>BUILT_PRODUCTS_DIR</string>
		</dict>
		<key>6784D3B618CE23DD003F980D</key>
		<dict>
			<key>isa</key>
			<string>PBXFileReference</string>
			<key>lastKnownFileType</key>
			<string>wrapper.framework</string>
			<key>name</key>
			<string>XCTest.framework</string>
			<key>path</key>
			<string>Library/Frameworks/XCTest.framework</string>
			<key>sourceTree</key>
			<string>DEVELOPER_DIR</string>
		</dict>
		<key>6784D3B718CE23DD003F980D</key>
		<dict>
			<key>fileRef</key>
			<string>6784D3B618CE23DD003F980D</string>
			<key>isa</key>
			<string>PBXBuildFile</string>
		</dict>
		<key>6784D3B818CE23DD003F980D</key>
		<dict>
			<key>fileRef</key>
			<string>6784D39418CE23DD003F980D</string>
			<key>isa</key>
			<string>PBXBuildFile</string>
		</dict>
		<key>6784D3B918CE23DD003F980D</key>
		<dict>
			<key>fileRef</key>
			<string>6784D39818CE23DD003F980D</string>
			<key>isa</key>
			<string>PBXBuildFile</string>
		</dict>
		<key>6784D3BA18CE23DD003F980D</key>
		<dict>
			<key>containerPortal</key>
			<string>6784D38918CE23DD003F980D</string>
			<key>isa</key>
			<string>PBXContainerItemProxy</string>
			<key>proxyType</key>
			<string>1</string>
			<key>remoteGlobalIDString</key>
			<string>6784D39018CE23DD003F980D</string>
			<key>remoteInfo</key>
			<string>PMUtils-iOSExample</string>
		</dict>
		<key>6784D3BB18CE23DD003F980D</key>
		<dict>
			<key>isa</key>
			<string>PBXTargetDependency</string>
			<key>target</key>
			<string>6784D39018CE23DD003F980D</string>
			<key>targetProxy</key>
			<string>6784D3BA18CE23DD003F980D</string>
		</dict>
		<key>6784D3BC18CE23DD003F980D</key>
		<dict>
			<key>children</key>
			<array>
				<string>6784D3C218CE23DD003F980D</string>
				<string>6784D3BD18CE23DD003F980D</string>
			</array>
			<key>isa</key>
			<string>PBXGroup</string>
			<key>path</key>
			<string>PMUtils-iOSExampleTests</string>
			<key>sourceTree</key>
			<string>&lt;group&gt;</string>
		</dict>
		<key>6784D3BD18CE23DD003F980D</key>
		<dict>
			<key>children</key>
			<array>
				<string>6784D3BE18CE23DD003F980D</string>
				<string>6784D3BF18CE23DD003F980D</string>
			</array>
			<key>isa</key>
			<string>PBXGroup</string>
			<key>name</key>
			<string>Supporting Files</string>
			<key>sourceTree</key>
			<string>&lt;group&gt;</string>
		</dict>
		<key>6784D3BE18CE23DD003F980D</key>
		<dict>
			<key>isa</key>
			<string>PBXFileReference</string>
			<key>lastKnownFileType</key>
			<string>text.plist.xml</string>
			<key>path</key>
			<string>PMUtils-iOSExampleTests-Info.plist</string>
			<key>sourceTree</key>
			<string>&lt;group&gt;</string>
		</dict>
		<key>6784D3BF18CE23DD003F980D</key>
		<dict>
			<key>children</key>
			<array>
				<string>6784D3C018CE23DD003F980D</string>
			</array>
			<key>isa</key>
			<string>PBXVariantGroup</string>
			<key>name</key>
			<string>InfoPlist.strings</string>
			<key>sourceTree</key>
			<string>&lt;group&gt;</string>
		</dict>
		<key>6784D3C018CE23DD003F980D</key>
		<dict>
			<key>isa</key>
			<string>PBXFileReference</string>
			<key>lastKnownFileType</key>
			<string>text.plist.strings</string>
			<key>name</key>
			<string>en</string>
			<key>path</key>
			<string>en.lproj/InfoPlist.strings</string>
			<key>sourceTree</key>
			<string>&lt;group&gt;</string>
		</dict>
		<key>6784D3C118CE23DD003F980D</key>
		<dict>
			<key>fileRef</key>
			<string>6784D3BF18CE23DD003F980D</string>
			<key>isa</key>
			<string>PBXBuildFile</string>
		</dict>
		<key>6784D3C218CE23DD003F980D</key>
		<dict>
			<key>isa</key>
			<string>PBXFileReference</string>
			<key>lastKnownFileType</key>
			<string>sourcecode.c.objc</string>
			<key>path</key>
			<string>PMUtils_iOSExampleTests.m</string>
			<key>sourceTree</key>
			<string>&lt;group&gt;</string>
		</dict>
		<key>6784D3C318CE23DD003F980D</key>
		<dict>
			<key>fileRef</key>
			<string>6784D3C218CE23DD003F980D</string>
			<key>isa</key>
			<string>PBXBuildFile</string>
		</dict>
		<key>6784D3C418CE23DD003F980D</key>
		<dict>
			<key>buildSettings</key>
			<dict>
				<key>ALWAYS_SEARCH_USER_PATHS</key>
				<string>NO</string>
				<key>ARCHS</key>
				<string>$(ARCHS_STANDARD_INCLUDING_64_BIT)</string>
				<key>CLANG_CXX_LANGUAGE_STANDARD</key>
				<string>gnu++0x</string>
				<key>CLANG_CXX_LIBRARY</key>
				<string>libc++</string>
				<key>CLANG_ENABLE_MODULES</key>
				<string>YES</string>
				<key>CLANG_ENABLE_OBJC_ARC</key>
				<string>YES</string>
				<key>CLANG_WARN_BOOL_CONVERSION</key>
				<string>YES</string>
				<key>CLANG_WARN_CONSTANT_CONVERSION</key>
				<string>YES</string>
				<key>CLANG_WARN_DIRECT_OBJC_ISA_USAGE</key>
				<string>YES_ERROR</string>
				<key>CLANG_WARN_EMPTY_BODY</key>
				<string>YES</string>
				<key>CLANG_WARN_ENUM_CONVERSION</key>
				<string>YES</string>
				<key>CLANG_WARN_INT_CONVERSION</key>
				<string>YES</string>
				<key>CLANG_WARN_OBJC_ROOT_CLASS</key>
				<string>YES_ERROR</string>
				<key>CLANG_WARN__DUPLICATE_METHOD_MATCH</key>
				<string>YES</string>
				<key>CODE_SIGN_IDENTITY[sdk=iphoneos*]</key>
				<string>iPhone Developer</string>
				<key>COPY_PHASE_STRIP</key>
				<string>NO</string>
				<key>GCC_C_LANGUAGE_STANDARD</key>
				<string>gnu99</string>
				<key>GCC_DYNAMIC_NO_PIC</key>
				<string>NO</string>
				<key>GCC_OPTIMIZATION_LEVEL</key>
				<string>0</string>
				<key>GCC_PREPROCESSOR_DEFINITIONS</key>
				<array>
					<string>DEBUG=1</string>
					<string>$(inherited)</string>
				</array>
				<key>GCC_SYMBOLS_PRIVATE_EXTERN</key>
				<string>NO</string>
				<key>GCC_WARN_64_TO_32_BIT_CONVERSION</key>
				<string>YES</string>
				<key>GCC_WARN_ABOUT_RETURN_TYPE</key>
				<string>YES_ERROR</string>
				<key>GCC_WARN_UNDECLARED_SELECTOR</key>
				<string>YES</string>
				<key>GCC_WARN_UNINITIALIZED_AUTOS</key>
				<string>YES</string>
				<key>GCC_WARN_UNUSED_FUNCTION</key>
				<string>YES</string>
				<key>GCC_WARN_UNUSED_VARIABLE</key>
				<string>YES</string>
				<key>IPHONEOS_DEPLOYMENT_TARGET</key>
				<string>7.0</string>
				<key>ONLY_ACTIVE_ARCH</key>
				<string>YES</string>
				<key>SDKROOT</key>
				<string>iphoneos</string>
				<key>TARGETED_DEVICE_FAMILY</key>
				<string>1,2</string>
			</dict>
			<key>isa</key>
			<string>XCBuildConfiguration</string>
			<key>name</key>
			<string>Debug</string>
		</dict>
		<key>6784D3C518CE23DD003F980D</key>
		<dict>
			<key>buildSettings</key>
			<dict>
				<key>ALWAYS_SEARCH_USER_PATHS</key>
				<string>NO</string>
				<key>ARCHS</key>
				<string>$(ARCHS_STANDARD_INCLUDING_64_BIT)</string>
				<key>CLANG_CXX_LANGUAGE_STANDARD</key>
				<string>gnu++0x</string>
				<key>CLANG_CXX_LIBRARY</key>
				<string>libc++</string>
				<key>CLANG_ENABLE_MODULES</key>
				<string>YES</string>
				<key>CLANG_ENABLE_OBJC_ARC</key>
				<string>YES</string>
				<key>CLANG_WARN_BOOL_CONVERSION</key>
				<string>YES</string>
				<key>CLANG_WARN_CONSTANT_CONVERSION</key>
				<string>YES</string>
				<key>CLANG_WARN_DIRECT_OBJC_ISA_USAGE</key>
				<string>YES_ERROR</string>
				<key>CLANG_WARN_EMPTY_BODY</key>
				<string>YES</string>
				<key>CLANG_WARN_ENUM_CONVERSION</key>
				<string>YES</string>
				<key>CLANG_WARN_INT_CONVERSION</key>
				<string>YES</string>
				<key>CLANG_WARN_OBJC_ROOT_CLASS</key>
				<string>YES_ERROR</string>
				<key>CLANG_WARN__DUPLICATE_METHOD_MATCH</key>
				<string>YES</string>
				<key>CODE_SIGN_IDENTITY[sdk=iphoneos*]</key>
				<string>iPhone Developer</string>
				<key>COPY_PHASE_STRIP</key>
				<string>YES</string>
				<key>ENABLE_NS_ASSERTIONS</key>
				<string>NO</string>
				<key>GCC_C_LANGUAGE_STANDARD</key>
				<string>gnu99</string>
				<key>GCC_WARN_64_TO_32_BIT_CONVERSION</key>
				<string>YES</string>
				<key>GCC_WARN_ABOUT_RETURN_TYPE</key>
				<string>YES_ERROR</string>
				<key>GCC_WARN_UNDECLARED_SELECTOR</key>
				<string>YES</string>
				<key>GCC_WARN_UNINITIALIZED_AUTOS</key>
				<string>YES</string>
				<key>GCC_WARN_UNUSED_FUNCTION</key>
				<string>YES</string>
				<key>GCC_WARN_UNUSED_VARIABLE</key>
				<string>YES</string>
				<key>IPHONEOS_DEPLOYMENT_TARGET</key>
				<string>7.0</string>
				<key>SDKROOT</key>
				<string>iphoneos</string>
				<key>TARGETED_DEVICE_FAMILY</key>
				<string>1,2</string>
				<key>VALIDATE_PRODUCT</key>
				<string>YES</string>
			</dict>
			<key>isa</key>
			<string>XCBuildConfiguration</string>
			<key>name</key>
			<string>Release</string>
		</dict>
		<key>6784D3C618CE23DD003F980D</key>
		<dict>
			<key>buildConfigurations</key>
			<array>
				<string>6784D3C718CE23DD003F980D</string>
				<string>6784D3C818CE23DD003F980D</string>
			</array>
			<key>defaultConfigurationIsVisible</key>
			<string>0</string>
			<key>defaultConfigurationName</key>
			<string>Release</string>
			<key>isa</key>
			<string>XCConfigurationList</string>
		</dict>
		<key>6784D3C718CE23DD003F980D</key>
		<dict>
			<key>baseConfigurationReference</key>
			<string>247A155959E54ED4A989335E</string>
			<key>buildSettings</key>
			<dict>
				<key>ASSETCATALOG_COMPILER_APPICON_NAME</key>
				<string>AppIcon</string>
				<key>ASSETCATALOG_COMPILER_LAUNCHIMAGE_NAME</key>
				<string>LaunchImage</string>
				<key>GCC_PRECOMPILE_PREFIX_HEADER</key>
				<string>YES</string>
				<key>GCC_PREFIX_HEADER</key>
				<string>PMUtils-iOSExample/PMUtils-iOSExample-Prefix.pch</string>
				<key>INFOPLIST_FILE</key>
				<string>PMUtils-iOSExample/PMUtils-iOSExample-Info.plist</string>
				<key>PRODUCT_NAME</key>
				<string>$(TARGET_NAME)</string>
				<key>WRAPPER_EXTENSION</key>
				<string>app</string>
			</dict>
			<key>isa</key>
			<string>XCBuildConfiguration</string>
			<key>name</key>
			<string>Debug</string>
		</dict>
		<key>6784D3C818CE23DD003F980D</key>
		<dict>
			<key>baseConfigurationReference</key>
			<string>247A155959E54ED4A989335E</string>
			<key>buildSettings</key>
			<dict>
				<key>ASSETCATALOG_COMPILER_APPICON_NAME</key>
				<string>AppIcon</string>
				<key>ASSETCATALOG_COMPILER_LAUNCHIMAGE_NAME</key>
				<string>LaunchImage</string>
				<key>GCC_PRECOMPILE_PREFIX_HEADER</key>
				<string>YES</string>
				<key>GCC_PREFIX_HEADER</key>
				<string>PMUtils-iOSExample/PMUtils-iOSExample-Prefix.pch</string>
				<key>INFOPLIST_FILE</key>
				<string>PMUtils-iOSExample/PMUtils-iOSExample-Info.plist</string>
				<key>PRODUCT_NAME</key>
				<string>$(TARGET_NAME)</string>
				<key>WRAPPER_EXTENSION</key>
				<string>app</string>
			</dict>
			<key>isa</key>
			<string>XCBuildConfiguration</string>
			<key>name</key>
			<string>Release</string>
		</dict>
		<key>6784D3C918CE23DD003F980D</key>
		<dict>
			<key>buildConfigurations</key>
			<array>
				<string>6784D3CA18CE23DD003F980D</string>
				<string>6784D3CB18CE23DD003F980D</string>
			</array>
			<key>defaultConfigurationIsVisible</key>
			<string>0</string>
			<key>defaultConfigurationName</key>
			<string>Release</string>
			<key>isa</key>
			<string>XCConfigurationList</string>
		</dict>
		<key>6784D3CA18CE23DD003F980D</key>
		<dict>
			<key>buildSettings</key>
			<dict>
				<key>ARCHS</key>
				<string>$(ARCHS_STANDARD_INCLUDING_64_BIT)</string>
				<key>BUNDLE_LOADER</key>
				<string>$(BUILT_PRODUCTS_DIR)/PMUtils-iOSExample.app/PMUtils-iOSExample</string>
				<key>FRAMEWORK_SEARCH_PATHS</key>
				<array>
					<string>$(SDKROOT)/Developer/Library/Frameworks</string>
					<string>$(inherited)</string>
					<string>$(DEVELOPER_FRAMEWORKS_DIR)</string>
				</array>
				<key>GCC_PRECOMPILE_PREFIX_HEADER</key>
				<string>YES</string>
				<key>GCC_PREFIX_HEADER</key>
				<string>PMUtils-iOSExample/PMUtils-iOSExample-Prefix.pch</string>
				<key>GCC_PREPROCESSOR_DEFINITIONS</key>
				<array>
					<string>DEBUG=1</string>
					<string>$(inherited)</string>
				</array>
				<key>INFOPLIST_FILE</key>
				<string>PMUtils-iOSExampleTests/PMUtils-iOSExampleTests-Info.plist</string>
				<key>PRODUCT_NAME</key>
				<string>$(TARGET_NAME)</string>
				<key>TEST_HOST</key>
				<string>$(BUNDLE_LOADER)</string>
				<key>WRAPPER_EXTENSION</key>
				<string>xctest</string>
			</dict>
			<key>isa</key>
			<string>XCBuildConfiguration</string>
			<key>name</key>
			<string>Debug</string>
		</dict>
		<key>6784D3CB18CE23DD003F980D</key>
		<dict>
			<key>buildSettings</key>
			<dict>
				<key>ARCHS</key>
				<string>$(ARCHS_STANDARD_INCLUDING_64_BIT)</string>
				<key>BUNDLE_LOADER</key>
				<string>$(BUILT_PRODUCTS_DIR)/PMUtils-iOSExample.app/PMUtils-iOSExample</string>
				<key>FRAMEWORK_SEARCH_PATHS</key>
				<array>
					<string>$(SDKROOT)/Developer/Library/Frameworks</string>
					<string>$(inherited)</string>
					<string>$(DEVELOPER_FRAMEWORKS_DIR)</string>
				</array>
				<key>GCC_PRECOMPILE_PREFIX_HEADER</key>
				<string>YES</string>
				<key>GCC_PREFIX_HEADER</key>
				<string>PMUtils-iOSExample/PMUtils-iOSExample-Prefix.pch</string>
				<key>INFOPLIST_FILE</key>
				<string>PMUtils-iOSExampleTests/PMUtils-iOSExampleTests-Info.plist</string>
				<key>PRODUCT_NAME</key>
				<string>$(TARGET_NAME)</string>
				<key>TEST_HOST</key>
				<string>$(BUNDLE_LOADER)</string>
				<key>WRAPPER_EXTENSION</key>
				<string>xctest</string>
			</dict>
			<key>isa</key>
			<string>XCBuildConfiguration</string>
			<key>name</key>
			<string>Release</string>
		</dict>
		<key>6784D3FF18CE24A9003F980D</key>
		<dict>
			<key>fileRef</key>
			<string>6784D3A918CE23DD003F980D</string>
			<key>isa</key>
			<string>PBXBuildFile</string>
		</dict>
		<key>6784D41718CE24C1003F980D</key>
		<dict>
			<key>children</key>
			<array>
				<string>67F82D7718CE2791003834EC</string>
				<string>67F82D7818CE2791003834EC</string>
				<string>67F82D7918CE2791003834EC</string>
				<string>67F82D7A18CE2791003834EC</string>
				<string>67F82D7B18CE2791003834EC</string>
				<string>67F82D7C18CE2791003834EC</string>
				<string>67F82D7D18CE2791003834EC</string>
				<string>67F82D7E18CE2791003834EC</string>
				<string>67F82D7F18CE2791003834EC</string>
				<string>67F82D8018CE2791003834EC</string>
				<string>67F82D8118CE2791003834EC</string>
				<string>67F82D8218CE2791003834EC</string>
				<string>67F82D8318CE2791003834EC</string>
				<string>67F82D8418CE2791003834EC</string>
				<string>67F82D8518CE2791003834EC</string>
				<string>67F82D8618CE2791003834EC</string>
				<string>67F82D8718CE2791003834EC</string>
				<string>67F82D8818CE2791003834EC</string>
				<string>67F82D8918CE2791003834EC</string>
				<string>67F82D8A18CE2791003834EC</string>
				<string>67F82D8B18CE2791003834EC</string>
				<string>67F82D8C18CE2791003834EC</string>
				<string>67F82D8D18CE2791003834EC</string>
			</array>
			<key>isa</key>
			<string>PBXGroup</string>
			<key>path</key>
			<string>ios</string>
			<key>sourceTree</key>
			<string>&lt;group&gt;</string>
		</dict>
		<key>6784D41918CE24C1003F980D</key>
		<dict>
			<key>children</key>
			<array>
				<string>6784D41718CE24C1003F980D</string>
			</array>
			<key>isa</key>
			<string>PBXGroup</string>
			<key>name</key>
			<string>PMUtils</string>
			<key>path</key>
			<string>../../Classes</string>
			<key>sourceTree</key>
			<string>SOURCE_ROOT</string>
		</dict>
		<key>67F82D7718CE2791003834EC</key>
		<dict>
			<key>isa</key>
			<string>PBXFileReference</string>
			<key>lastKnownFileType</key>
			<string>sourcecode.c.h</string>
			<key>path</key>
			<string>PMUtils.h</string>
			<key>sourceTree</key>
			<string>&lt;group&gt;</string>
		</dict>
		<key>67F82D7818CE2791003834EC</key>
		<dict>
			<key>isa</key>
			<string>PBXFileReference</string>
			<key>lastKnownFileType</key>
			<string>sourcecode.c.h</string>
			<key>path</key>
			<string>NSData+PMUtils.h</string>
			<key>sourceTree</key>
			<string>&lt;group&gt;</string>
		</dict>
		<key>67F82D7918CE2791003834EC</key>
		<dict>
			<key>isa</key>
			<string>PBXFileReference</string>
			<key>lastKnownFileType</key>
			<string>sourcecode.c.objc</string>
			<key>path</key>
			<string>NSData+PMUtils.m</string>
			<key>sourceTree</key>
			<string>&lt;group&gt;</string>
		</dict>
		<key>67F82D7A18CE2791003834EC</key>
		<dict>
			<key>isa</key>
			<string>PBXFileReference</string>
			<key>lastKnownFileType</key>
			<string>sourcecode.c.h</string>
			<key>path</key>
			<string>NSFileManager+PMUtils.h</string>
			<key>sourceTree</key>
			<string>&lt;group&gt;</string>
		</dict>
		<key>67F82D7B18CE2791003834EC</key>
		<dict>
			<key>isa</key>
			<string>PBXFileReference</string>
			<key>lastKnownFileType</key>
			<string>sourcecode.c.objc</string>
			<key>path</key>
			<string>NSFileManager+PMUtils.m</string>
			<key>sourceTree</key>
			<string>&lt;group&gt;</string>
		</dict>
		<key>67F82D7C18CE2791003834EC</key>
		<dict>
			<key>isa</key>
			<string>PBXFileReference</string>
			<key>lastKnownFileType</key>
			<string>sourcecode.c.h</string>
			<key>path</key>
			<string>NSIndexPath+PMUtils.h</string>
			<key>sourceTree</key>
			<string>&lt;group&gt;</string>
		</dict>
		<key>67F82D7D18CE2791003834EC</key>
		<dict>
			<key>isa</key>
			<string>PBXFileReference</string>
			<key>lastKnownFileType</key>
			<string>sourcecode.c.objc</string>
			<key>path</key>
			<string>NSIndexPath+PMUtils.m</string>
			<key>sourceTree</key>
			<string>&lt;group&gt;</string>
		</dict>
		<key>67F82D7E18CE2791003834EC</key>
		<dict>
			<key>isa</key>
			<string>PBXFileReference</string>
			<key>lastKnownFileType</key>
			<string>sourcecode.c.h</string>
			<key>path</key>
			<string>NSString+PMUtils.h</string>
			<key>sourceTree</key>
			<string>&lt;group&gt;</string>
		</dict>
		<key>67F82D7F18CE2791003834EC</key>
		<dict>
			<key>isa</key>
			<string>PBXFileReference</string>
			<key>lastKnownFileType</key>
			<string>sourcecode.c.objc</string>
			<key>path</key>
			<string>NSString+PMUtils.m</string>
			<key>sourceTree</key>
			<string>&lt;group&gt;</string>
		</dict>
		<key>67F82D8018CE2791003834EC</key>
		<dict>
			<key>isa</key>
			<string>PBXFileReference</string>
			<key>lastKnownFileType</key>
			<string>sourcecode.c.h</string>
			<key>path</key>
			<string>NSThread+PMUtils.h</string>
			<key>sourceTree</key>
			<string>&lt;group&gt;</string>
		</dict>
		<key>67F82D8118CE2791003834EC</key>
		<dict>
			<key>isa</key>
			<string>PBXFileReference</string>
			<key>lastKnownFileType</key>
			<string>sourcecode.c.objc</string>
			<key>path</key>
			<string>NSThread+PMUtils.m</string>
			<key>sourceTree</key>
			<string>&lt;group&gt;</string>
		</dict>
		<key>67F82D8218CE2791003834EC</key>
		<dict>
			<key>isa</key>
			<string>PBXFileReference</string>
			<key>lastKnownFileType</key>
			<string>sourcecode.c.h</string>
			<key>path</key>
			<string>UIColor+PMUtils.h</string>
			<key>sourceTree</key>
			<string>&lt;group&gt;</string>
		</dict>
		<key>67F82D8318CE2791003834EC</key>
		<dict>
			<key>isa</key>
			<string>PBXFileReference</string>
			<key>lastKnownFileType</key>
			<string>sourcecode.c.objc</string>
			<key>path</key>
			<string>UIColor+PMUtils.m</string>
			<key>sourceTree</key>
			<string>&lt;group&gt;</string>
		</dict>
		<key>67F82D8418CE2791003834EC</key>
		<dict>
			<key>isa</key>
			<string>PBXFileReference</string>
			<key>lastKnownFileType</key>
			<string>sourcecode.c.h</string>
			<key>path</key>
			<string>UIDevice+PMUtils.h</string>
			<key>sourceTree</key>
			<string>&lt;group&gt;</string>
		</dict>
		<key>67F82D8518CE2791003834EC</key>
		<dict>
			<key>isa</key>
			<string>PBXFileReference</string>
			<key>lastKnownFileType</key>
			<string>sourcecode.c.objc</string>
			<key>path</key>
			<string>UIDevice+PMUtils.m</string>
			<key>sourceTree</key>
			<string>&lt;group&gt;</string>
		</dict>
		<key>67F82D8618CE2791003834EC</key>
		<dict>
			<key>isa</key>
			<string>PBXFileReference</string>
			<key>lastKnownFileType</key>
			<string>sourcecode.c.h</string>
			<key>path</key>
			<string>UIImage+PMUtils.h</string>
			<key>sourceTree</key>
			<string>&lt;group&gt;</string>
		</dict>
		<key>67F82D8718CE2791003834EC</key>
		<dict>
			<key>isa</key>
			<string>PBXFileReference</string>
			<key>lastKnownFileType</key>
			<string>sourcecode.c.objc</string>
			<key>path</key>
			<string>UIImage+PMUtils.m</string>
			<key>sourceTree</key>
			<string>&lt;group&gt;</string>
		</dict>
		<key>67F82D8818CE2791003834EC</key>
		<dict>
			<key>isa</key>
			<string>PBXFileReference</string>
			<key>lastKnownFileType</key>
			<string>sourcecode.c.h</string>
			<key>path</key>
			<string>UIScreen+PMUtils.h</string>
			<key>sourceTree</key>
			<string>&lt;group&gt;</string>
		</dict>
		<key>67F82D8918CE2791003834EC</key>
		<dict>
			<key>isa</key>
			<string>PBXFileReference</string>
			<key>lastKnownFileType</key>
			<string>sourcecode.c.objc</string>
			<key>path</key>
			<string>UIScreen+PMUtils.m</string>
			<key>sourceTree</key>
			<string>&lt;group&gt;</string>
		</dict>
		<key>67F82D8A18CE2791003834EC</key>
		<dict>
			<key>isa</key>
			<string>PBXFileReference</string>
			<key>lastKnownFileType</key>
			<string>sourcecode.c.h</string>
			<key>path</key>
			<string>UITableView+PMUtils.h</string>
			<key>sourceTree</key>
			<string>&lt;group&gt;</string>
		</dict>
		<key>67F82D8B18CE2791003834EC</key>
		<dict>
			<key>isa</key>
			<string>PBXFileReference</string>
			<key>lastKnownFileType</key>
			<string>sourcecode.c.objc</string>
			<key>path</key>
			<string>UITableView+PMUtils.m</string>
			<key>sourceTree</key>
			<string>&lt;group&gt;</string>
		</dict>
		<key>67F82D8C18CE2791003834EC</key>
		<dict>
			<key>isa</key>
			<string>PBXFileReference</string>
			<key>lastKnownFileType</key>
			<string>sourcecode.c.h</string>
			<key>path</key>
			<string>UIView+PMUtils.h</string>
			<key>sourceTree</key>
			<string>&lt;group&gt;</string>
		</dict>
		<key>67F82D8D18CE2791003834EC</key>
		<dict>
			<key>isa</key>
			<string>PBXFileReference</string>
			<key>lastKnownFileType</key>
			<string>sourcecode.c.objc</string>
			<key>path</key>
			<string>UIView+PMUtils.m</string>
			<key>sourceTree</key>
			<string>&lt;group&gt;</string>
		</dict>
		<key>67F82D8E18CE27C2003834EC</key>
		<dict>
			<key>fileRef</key>
			<string>67F82D7918CE2791003834EC</string>
			<key>isa</key>
			<string>PBXBuildFile</string>
		</dict>
		<key>67F82D8F18CE27C2003834EC</key>
		<dict>
			<key>fileRef</key>
			<string>67F82D7B18CE2791003834EC</string>
			<key>isa</key>
			<string>PBXBuildFile</string>
		</dict>
		<key>67F82D9018CE27C2003834EC</key>
		<dict>
			<key>fileRef</key>
			<string>67F82D7D18CE2791003834EC</string>
			<key>isa</key>
			<string>PBXBuildFile</string>
		</dict>
		<key>67F82D9118CE27C2003834EC</key>
		<dict>
			<key>fileRef</key>
			<string>67F82D7F18CE2791003834EC</string>
			<key>isa</key>
			<string>PBXBuildFile</string>
		</dict>
		<key>67F82D9218CE27C2003834EC</key>
		<dict>
			<key>fileRef</key>
			<string>67F82D8118CE2791003834EC</string>
			<key>isa</key>
			<string>PBXBuildFile</string>
		</dict>
		<key>67F82D9318CE27C2003834EC</key>
		<dict>
			<key>fileRef</key>
			<string>67F82D8318CE2791003834EC</string>
			<key>isa</key>
			<string>PBXBuildFile</string>
		</dict>
		<key>67F82D9418CE27C2003834EC</key>
		<dict>
			<key>fileRef</key>
			<string>67F82D8518CE2791003834EC</string>
			<key>isa</key>
			<string>PBXBuildFile</string>
		</dict>
		<key>67F82D9518CE27C2003834EC</key>
		<dict>
			<key>fileRef</key>
			<string>67F82D8718CE2791003834EC</string>
			<key>isa</key>
			<string>PBXBuildFile</string>
		</dict>
		<key>67F82D9618CE27C2003834EC</key>
		<dict>
			<key>fileRef</key>
			<string>67F82D8918CE2791003834EC</string>
			<key>isa</key>
			<string>PBXBuildFile</string>
		</dict>
		<key>67F82D9718CE27C2003834EC</key>
		<dict>
			<key>fileRef</key>
			<string>67F82D8B18CE2791003834EC</string>
			<key>isa</key>
			<string>PBXBuildFile</string>
		</dict>
		<key>67F82D9818CE27C2003834EC</key>
		<dict>
			<key>fileRef</key>
			<string>67F82D8D18CE2791003834EC</string>
			<key>isa</key>
			<string>PBXBuildFile</string>
		</dict>
		<key>932E643F6BD346FEA3E18F86</key>
		<dict>
			<key>buildActionMask</key>
			<string>2147483647</string>
			<key>files</key>
			<array/>
			<key>inputPaths</key>
			<array/>
			<key>isa</key>
			<string>PBXShellScriptBuildPhase</string>
			<key>name</key>
			<string>Copy Pods Resources</string>
			<key>outputPaths</key>
			<array/>
			<key>runOnlyForDeploymentPostprocessing</key>
			<string>0</string>
			<key>shellPath</key>
			<string>/bin/sh</string>
			<key>shellScript</key>
			<string>"${SRCROOT}/../Pods/Pods-resources.sh"
</string>
			<key>showEnvVarsInLog</key>
			<string>0</string>
		</dict>
		<key>DB46A33985C1411AB049EDF2</key>
		<dict>
			<key>fileRef</key>
			<string>4F875FA949C2459092E02117</string>
			<key>isa</key>
			<string>PBXBuildFile</string>
		</dict>
	</dict>
	<key>rootObject</key>
	<string>6784D38918CE23DD003F980D</string>
</dict>
</plist>
